// !$*UTF8*$!
{
	archiveVersion = 1;
	classes = {
	};
	objectVersion = 48;
	objects = {

/* Begin PBXBuildFile section */
		0A0E5D57203670F50005ACDE /* AppDelegate.swift in Sources */ = {isa = PBXBuildFile; fileRef = 0A0E5D56203670F50005ACDE /* AppDelegate.swift */; };
		0A0E5D59203670F50005ACDE /* ViewController.swift in Sources */ = {isa = PBXBuildFile; fileRef = 0A0E5D58203670F50005ACDE /* ViewController.swift */; };
		0A0E5D5C203670F50005ACDE /* Main.storyboard in Resources */ = {isa = PBXBuildFile; fileRef = 0A0E5D5A203670F50005ACDE /* Main.storyboard */; };
		0A0E5D5F203670F50005ACDE /* BVS.xcdatamodeld in Sources */ = {isa = PBXBuildFile; fileRef = 0A0E5D5D203670F50005ACDE /* BVS.xcdatamodeld */; };
		0A0E5D61203670F50005ACDE /* Assets.xcassets in Resources */ = {isa = PBXBuildFile; fileRef = 0A0E5D60203670F50005ACDE /* Assets.xcassets */; };
		0A0E5D64203670F50005ACDE /* LaunchScreen.storyboard in Resources */ = {isa = PBXBuildFile; fileRef = 0A0E5D62203670F50005ACDE /* LaunchScreen.storyboard */; };
/* End PBXBuildFile section */

/* Begin PBXFileReference section */
		0A0E5D53203670F50005ACDE /* BVS.app */ = {isa = PBXFileReference; explicitFileType = wrapper.application; includeInIndex = 0; path = BVS.app; sourceTree = BUILT_PRODUCTS_DIR; };
		0A0E5D56203670F50005ACDE /* AppDelegate.swift */ = {isa = PBXFileReference; lastKnownFileType = sourcecode.swift; path = AppDelegate.swift; sourceTree = "<group>"; };
		0A0E5D58203670F50005ACDE /* ViewController.swift */ = {isa = PBXFileReference; lastKnownFileType = sourcecode.swift; path = ViewController.swift; sourceTree = "<group>"; };
		0A0E5D5B203670F50005ACDE /* Base */ = {isa = PBXFileReference; lastKnownFileType = file.storyboard; name = Base; path = Base.lproj/Main.storyboard; sourceTree = "<group>"; };
		0A0E5D5E203670F50005ACDE /* BVS.xcdatamodel */ = {isa = PBXFileReference; lastKnownFileType = wrapper.xcdatamodel; path = BVS.xcdatamodel; sourceTree = "<group>"; };
		0A0E5D60203670F50005ACDE /* Assets.xcassets */ = {isa = PBXFileReference; lastKnownFileType = folder.assetcatalog; path = Assets.xcassets; sourceTree = "<group>"; };
		0A0E5D63203670F50005ACDE /* Base */ = {isa = PBXFileReference; lastKnownFileType = file.storyboard; name = Base; path = Base.lproj/LaunchScreen.storyboard; sourceTree = "<group>"; };
		0A0E5D65203670F50005ACDE /* Info.plist */ = {isa = PBXFileReference; lastKnownFileType = text.plist.xml; path = Info.plist; sourceTree = "<group>"; };
/* End PBXFileReference section */

/* Begin PBXFrameworksBuildPhase section */
		0A0E5D50203670F50005ACDE /* Frameworks */ = {
			isa = PBXFrameworksBuildPhase;
			buildActionMask = 2147483647;
			files = (
			);
			runOnlyForDeploymentPostprocessing = 0;
		};
/* End PBXFrameworksBuildPhase section */

/* Begin PBXGroup section */
		0A0E5D4A203670F50005ACDE = {
			isa = PBXGroup;
			children = (
				0A0E5D55203670F50005ACDE /* BVS */,
				0A0E5D54203670F50005ACDE /* Products */,
			);
			sourceTree = "<group>";
		};
		0A0E5D54203670F50005ACDE /* Products */ = {
			isa = PBXGroup;
			children = (
				0A0E5D53203670F50005ACDE /* BVS.app */,
			);
			name = Products;
			sourceTree = "<group>";
		};
		0A0E5D55203670F50005ACDE /* BVS */ = {
			isa = PBXGroup;
			children = (
				0A0E5D56203670F50005ACDE /* AppDelegate.swift */,
				0A0E5D58203670F50005ACDE /* ViewController.swift */,
				0A0E5D5A203670F50005ACDE /* Main.storyboard */,
				0A0E5D60203670F50005ACDE /* Assets.xcassets */,
				0A0E5D62203670F50005ACDE /* LaunchScreen.storyboard */,
				0A0E5D65203670F50005ACDE /* Info.plist */,
				0A0E5D5D203670F50005ACDE /* BVS.xcdatamodeld */,
			);
			path = BVS;
			sourceTree = "<group>";
		};
/* End PBXGroup section */

/* Begin PBXNativeTarget section */
		0A0E5D52203670F50005ACDE /* BVS */ = {
			isa = PBXNativeTarget;
			buildConfigurationList = 0A0E5D68203670F50005ACDE /* Build configuration list for PBXNativeTarget "BVS" */;
			buildPhases = (
				0A0E5D4F203670F50005ACDE /* Sources */,
				0A0E5D50203670F50005ACDE /* Frameworks */,
				0A0E5D51203670F50005ACDE /* Resources */,
			);
			buildRules = (
			);
			dependencies = (
			);
			name = BVS;
			productName = BVS;
			productReference = 0A0E5D53203670F50005ACDE /* BVS.app */;
			productType = "com.apple.product-type.application";
		};
/* End PBXNativeTarget section */

/* Begin PBXProject section */
		0A0E5D4B203670F50005ACDE /* Project object */ = {
			isa = PBXProject;
			attributes = {
				LastSwiftUpdateCheck = 0920;
				LastUpgradeCheck = 0920;
				ORGANIZATIONNAME = "Peter Slavich";
				TargetAttributes = {
					0A0E5D52203670F50005ACDE = {
						CreatedOnToolsVersion = 9.2;
						ProvisioningStyle = Automatic;
					};
				};
			};
			buildConfigurationList = 0A0E5D4E203670F50005ACDE /* Build configuration list for PBXProject "BVS" */;
			compatibilityVersion = "Xcode 8.0";
			developmentRegion = en;
			hasScannedForEncodings = 0;
			knownRegions = (
				en,
				Base,
			);
			mainGroup = 0A0E5D4A203670F50005ACDE;
			productRefGroup = 0A0E5D54203670F50005ACDE /* Products */;
			projectDirPath = "";
			projectRoot = "";
			targets = (
				0A0E5D52203670F50005ACDE /* BVS */,
			);
		};
/* End PBXProject section */

/* Begin PBXResourcesBuildPhase section */
		0A0E5D51203670F50005ACDE /* Resources */ = {
			isa = PBXResourcesBuildPhase;
			buildActionMask = 2147483647;
			files = (
				0A0E5D64203670F50005ACDE /* LaunchScreen.storyboard in Resources */,
				0A0E5D61203670F50005ACDE /* Assets.xcassets in Resources */,
				0A0E5D5C203670F50005ACDE /* Main.storyboard in Resources */,
			);
			runOnlyForDeploymentPostprocessing = 0;
		};
/* End PBXResourcesBuildPhase section */

/* Begin PBXSourcesBuildPhase section */
		0A0E5D4F203670F50005ACDE /* Sources */ = {
			isa = PBXSourcesBuildPhase;
			buildActionMask = 2147483647;
			files = (
				0A0E5D59203670F50005ACDE /* ViewController.swift in Sources */,
				0A0E5D57203670F50005ACDE /* AppDelegate.swift in Sources */,
				0A0E5D5F203670F50005ACDE /* BVS.xcdatamodeld in Sources */,
			);
			runOnlyForDeploymentPostprocessing = 0;
		};
/* End PBXSourcesBuildPhase section */

/* Begin PBXVariantGroup section */
		0A0E5D5A203670F50005ACDE /* Main.storyboard */ = {
			isa = PBXVariantGroup;
			children = (
				0A0E5D5B203670F50005ACDE /* Base */,
			);
			name = Main.storyboard;
			sourceTree = "<group>";
		};
		0A0E5D62203670F50005ACDE /* LaunchScreen.storyboard */ = {
			isa = PBXVariantGroup;
			children = (
				0A0E5D63203670F50005ACDE /* Base */,
			);
			name = LaunchScreen.storyboard;
			sourceTree = "<group>";
		};
/* End PBXVariantGroup section */

/* Begin XCBuildConfiguration section */
		0A0E5D66203670F50005ACDE /* Debug */ = {
			isa = XCBuildConfiguration;
			buildSettings = {
				ALWAYS_SEARCH_USER_PATHS = NO;
				CLANG_ANALYZER_NONNULL = YES;
				CLANG_ANALYZER_NUMBER_OBJECT_CONVERSION = YES_AGGRESSIVE;
				CLANG_CXX_LANGUAGE_STANDARD = "gnu++14";
				CLANG_CXX_LIBRARY = "libc++";
				CLANG_ENABLE_MODULES = YES;
				CLANG_ENABLE_OBJC_ARC = YES;
				CLANG_WARN_BLOCK_CAPTURE_AUTORELEASING = YES;
				CLANG_WARN_BOOL_CONVERSION = YES;
				CLANG_WARN_COMMA = YES;
				CLANG_WARN_CONSTANT_CONVERSION = YES;
				CLANG_WARN_DIRECT_OBJC_ISA_USAGE = YES_ERROR;
				CLANG_WARN_DOCUMENTATION_COMMENTS = YES;
				CLANG_WARN_EMPTY_BODY = YES;
				CLANG_WARN_ENUM_CONVERSION = YES;
				CLANG_WARN_INFINITE_RECURSION = YES;
				CLANG_WARN_INT_CONVERSION = YES;
				CLANG_WARN_NON_LITERAL_NULL_CONVERSION = YES;
				CLANG_WARN_OBJC_LITERAL_CONVERSION = YES;
				CLANG_WARN_OBJC_ROOT_CLASS = YES_ERROR;
				CLANG_WARN_RANGE_LOOP_ANALYSIS = YES;
				CLANG_WARN_STRICT_PROTOTYPES = YES;
				CLANG_WARN_SUSPICIOUS_MOVE = YES;
				CLANG_WARN_UNGUARDED_AVAILABILITY = YES_AGGRESSIVE;
				CLANG_WARN_UNREACHABLE_CODE = YES;
				CLANG_WARN__DUPLICATE_METHOD_MATCH = YES;
				CODE_SIGN_IDENTITY = "iPhone Developer";
				COPY_PHASE_STRIP = NO;
				DEBUG_INFORMATION_FORMAT = dwarf;
				ENABLE_STRICT_OBJC_MSGSEND = YES;
				ENABLE_TESTABILITY = YES;
				GCC_C_LANGUAGE_STANDARD = gnu11;
				GCC_DYNAMIC_NO_PIC = NO;
				GCC_NO_COMMON_BLOCKS = YES;
				GCC_OPTIMIZATION_LEVEL = 0;
				GCC_PREPROCESSOR_DEFINITIONS = (
					"DEBUG=1",
					"$(inherited)",
				);
				GCC_WARN_64_TO_32_BIT_CONVERSION = YES;
				GCC_WARN_ABOUT_RETURN_TYPE = YES_ERROR;
				GCC_WARN_UNDECLARED_SELECTOR = YES;
				GCC_WARN_UNINITIALIZED_AUTOS = YES_AGGRESSIVE;
				GCC_WARN_UNUSED_FUNCTION = YES;
				GCC_WARN_UNUSED_VARIABLE = YES;
				IPHONEOS_DEPLOYMENT_TARGET = 11.2;
				MTL_ENABLE_DEBUG_INFO = YES;
				ONLY_ACTIVE_ARCH = YES;
				SDKROOT = iphoneos;
				SWIFT_ACTIVE_COMPILATION_CONDITIONS = DEBUG;
				SWIFT_OPTIMIZATION_LEVEL = "-Onone";
			};
			name = Debug;
		};
		0A0E5D67203670F50005ACDE /* Release */ = {
			isa = XCBuildConfiguration;
			buildSettings = {
				ALWAYS_SEARCH_USER_PATHS = NO;
				CLANG_ANALYZER_NONNULL = YES;
				CLANG_ANALYZER_NUMBER_OBJECT_CONVERSION = YES_AGGRESSIVE;
				CLANG_CXX_LANGUAGE_STANDARD = "gnu++14";
				CLANG_CXX_LIBRARY = "libc++";
				CLANG_ENABLE_MODULES = YES;
				CLANG_ENABLE_OBJC_ARC = YES;
				CLANG_WARN_BLOCK_CAPTURE_AUTORELEASING = YES;
				CLANG_WARN_BOOL_CONVERSION = YES;
				CLANG_WARN_COMMA = YES;
				CLANG_WARN_CONSTANT_CONVERSION = YES;
				CLANG_WARN_DIRECT_OBJC_ISA_USAGE = YES_ERROR;
				CLANG_WARN_DOCUMENTATION_COMMENTS = YES;
				CLANG_WARN_EMPTY_BODY = YES;
				CLANG_WARN_ENUM_CONVERSION = YES;
				CLANG_WARN_INFINITE_RECURSION = YES;
				CLANG_WARN_INT_CONVERSION = YES;
				CLANG_WARN_NON_LITERAL_NULL_CONVERSION = YES;
				CLANG_WARN_OBJC_LITERAL_CONVERSION = YES;
				CLANG_WARN_OBJC_ROOT_CLASS = YES_ERROR;
				CLANG_WARN_RANGE_LOOP_ANALYSIS = YES;
				CLANG_WARN_STRICT_PROTOTYPES = YES;
				CLANG_WARN_SUSPICIOUS_MOVE = YES;
				CLANG_WARN_UNGUARDED_AVAILABILITY = YES_AGGRESSIVE;
				CLANG_WARN_UNREACHABLE_CODE = YES;
				CLANG_WARN__DUPLICATE_METHOD_MATCH = YES;
				CODE_SIGN_IDENTITY = "iPhone Developer";
				COPY_PHASE_STRIP = NO;
				DEBUG_INFORMATION_FORMAT = "dwarf-with-dsym";
				ENABLE_NS_ASSERTIONS = NO;
				ENABLE_STRICT_OBJC_MSGSEND = YES;
				GCC_C_LANGUAGE_STANDARD = gnu11;
				GCC_NO_COMMON_BLOCKS = YES;
				GCC_WARN_64_TO_32_BIT_CONVERSION = YES;
				GCC_WARN_ABOUT_RETURN_TYPE = YES_ERROR;
				GCC_WARN_UNDECLARED_SELECTOR = YES;
				GCC_WARN_UNINITIALIZED_AUTOS = YES_AGGRESSIVE;
				GCC_WARN_UNUSED_FUNCTION = YES;
				GCC_WARN_UNUSED_VARIABLE = YES;
				IPHONEOS_DEPLOYMENT_TARGET = 11.2;
				MTL_ENABLE_DEBUG_INFO = NO;
				SDKROOT = iphoneos;
				SWIFT_OPTIMIZATION_LEVEL = "-Owholemodule";
				VALIDATE_PRODUCT = YES;
			};
			name = Release;
		};
		0A0E5D69203670F50005ACDE /* Debug */ = {
			isa = XCBuildConfiguration;
			buildSettings = {
				ASSETCATALOG_COMPILER_APPICON_NAME = AppIcon;
				CODE_SIGN_STYLE = Automatic;
				INFOPLIST_FILE = BVS/Info.plist;
				LD_RUNPATH_SEARCH_PATHS = "$(inherited) @executable_path/Frameworks";
				PRODUCT_BUNDLE_IDENTIFIER = com.peteslavich.BVS;
				PRODUCT_NAME = "$(TARGET_NAME)";
				SWIFT_VERSION = 4.0;
				TARGETED_DEVICE_FAMILY = "1,2";
			};
			name = Debug;
		};
		0A0E5D6A203670F50005ACDE /* Release */ = {
			isa = XCBuildConfiguration;
			buildSettings = {
				ASSETCATALOG_COMPILER_APPICON_NAME = AppIcon;
				CODE_SIGN_STYLE = Automatic;
				INFOPLIST_FILE = BVS/Info.plist;
				LD_RUNPATH_SEARCH_PATHS = "$(inherited) @executable_path/Frameworks";
				PRODUCT_BUNDLE_IDENTIFIER = com.peteslavich.BVS;
				PRODUCT_NAME = "$(TARGET_NAME)";
				SWIFT_VERSION = 4.0;
				TARGETED_DEVICE_FAMILY = "1,2";
			};
			name = Release;
		};
/* End XCBuildConfiguration section */

/* Begin XCConfigurationList section */
		0A0E5D4E203670F50005ACDE /* Build configuration list for PBXProject "BVS" */ = {
			isa = XCConfigurationList;
			buildConfigurations = (
				0A0E5D66203670F50005ACDE /* Debug */,
				0A0E5D67203670F50005ACDE /* Release */,
			);
			defaultConfigurationIsVisible = 0;
			defaultConfigurationName = Release;
		};
		0A0E5D68203670F50005ACDE /* Build configuration list for PBXNativeTarget "BVS" */ = {
			isa = XCConfigurationList;
			buildConfigurations = (
				0A0E5D69203670F50005ACDE /* Debug */,
				0A0E5D6A203670F50005ACDE /* Release */,
			);
			defaultConfigurationIsVisible = 0;
			defaultConfigurationName = Release;
		};
/* End XCConfigurationList section */

/* Begin XCVersionGroup section */
		0A0E5D5D203670F50005ACDE /* BVS.xcdatamodeld */ = {
			isa = XCVersionGroup;
			children = (
				0A0E5D5E203670F50005ACDE /* BVS.xcdatamodel */,
			);
			currentVersion = 0A0E5D5E203670F50005ACDE /* BVS.xcdatamodel */;
			path = BVS.xcdatamodeld;
			sourceTree = "<group>";
			versionGroupType = wrapper.xcdatamodel;
		};
/* End XCVersionGroup section */
	};
	rootObject = 0A0E5D4B203670F50005ACDE /* Project object */;
}
